
Microsoft Visual Studio Solution File, Format Version 12.00
# Visual Studio Version 17
VisualStudioVersion = 17.0.31903.59
MinimumVisualStudioVersion = 10.0.40219.1
Project("{2150E333-8FDC-42A3-9474-1A3956D46DE8}") = "src", "src", "{827E0CD3-B72D-47B6-A68D-7590B98EB39B}"
EndProject
Project("{FAE04EC0-301F-11D3-BF4B-00C04F79EFBC}") = "QuantumJwt", "src\QuantumJwt\QuantumJwt.csproj", "{BF85E0ED-1285-4D35-9636-6BD1A2C10CBD}"
EndProject
Project("{2150E333-8FDC-42A3-9474-1A3956D46DE8}") = "tests", "tests", "{0AB3BF05-4346-4AA6-1389-037BE0695223}"
EndProject
Project("{FAE04EC0-301F-11D3-BF4B-00C04F79EFBC}") = "QuantumJwt.Tests", "tests\QuantumJwt.Tests\QuantumJwt.Tests.csproj", "{5DDEEB75-2699-478D-A508-73735BB15DAB}"
EndProject
Project("{2150E333-8FDC-42A3-9474-1A3956D46DE8}") = "examples", "examples", "{B36A84DF-456D-A817-6EDD-3EC3E7F6E11F}"
EndProject
Project("{FAE04EC0-301F-11D3-BF4B-00C04F79EFBC}") = "QuantumJwt.Demo", "examples\QuantumJwt.Demo\QuantumJwt.Demo.csproj", "{8E11767B-3BCF-4A01-A946-DF134AB6DC12}"
EndProject
Project("{FAE04EC0-301F-11D3-BF4B-00C04F79EFBC}") = "QuantumDataProtection", "src\QuantumDataProtection\QuantumDataProtection.csproj", "{F3F27FCF-5784-4AEA-9353-75C9A25E705A}"
EndProject
Project("{FAE04EC0-301F-11D3-BF4B-00C04F79EFBC}") = "QuantumDataProtection.Tests", "tests\QuantumDataProtection.Tests\QuantumDataProtection.Tests.csproj", "{59AF269B-2D5D-4170-B346-FB97330C140C}"
EndProject
Global
	GlobalSection(SolutionConfigurationPlatforms) = preSolution
		Debug|Any CPU = Debug|Any CPU
		Debug|x64 = Debug|x64
		Debug|x86 = Debug|x86
		Release|Any CPU = Release|Any CPU
		Release|x64 = Release|x64
		Release|x86 = Release|x86
	EndGlobalSection
	GlobalSection(ProjectConfigurationPlatforms) = postSolution
		{BF85E0ED-1285-4D35-9636-6BD1A2C10CBD}.Debug|Any CPU.ActiveCfg = Debug|Any CPU
		{BF85E0ED-1285-4D35-9636-6BD1A2C10CBD}.Debug|Any CPU.Build.0 = Debug|Any CPU
		{BF85E0ED-1285-4D35-9636-6BD1A2C10CBD}.Debug|x64.ActiveCfg = Debug|Any CPU
		{BF85E0ED-1285-4D35-9636-6BD1A2C10CBD}.Debug|x64.Build.0 = Debug|Any CPU
		{BF85E0ED-1285-4D35-9636-6BD1A2C10CBD}.Debug|x86.ActiveCfg = Debug|Any CPU
		{BF85E0ED-1285-4D35-9636-6BD1A2C10CBD}.Debug|x86.Build.0 = Debug|Any CPU
		{BF85E0ED-1285-4D35-9636-6BD1A2C10CBD}.Release|Any CPU.ActiveCfg = Release|Any CPU
		{BF85E0ED-1285-4D35-9636-6BD1A2C10CBD}.Release|Any CPU.Build.0 = Release|Any CPU
		{BF85E0ED-1285-4D35-9636-6BD1A2C10CBD}.Release|x64.ActiveCfg = Release|Any CPU
		{BF85E0ED-1285-4D35-9636-6BD1A2C10CBD}.Release|x64.Build.0 = Release|Any CPU
		{BF85E0ED-1285-4D35-9636-6BD1A2C10CBD}.Release|x86.ActiveCfg = Release|Any CPU
		{BF85E0ED-1285-4D35-9636-6BD1A2C10CBD}.Release|x86.Build.0 = Release|Any CPU
		{5DDEEB75-2699-478D-A508-73735BB15DAB}.Debug|Any CPU.ActiveCfg = Debug|Any CPU
		{5DDEEB75-2699-478D-A508-73735BB15DAB}.Debug|Any CPU.Build.0 = Debug|Any CPU
		{5DDEEB75-2699-478D-A508-73735BB15DAB}.Debug|x64.ActiveCfg = Debug|Any CPU
		{5DDEEB75-2699-478D-A508-73735BB15DAB}.Debug|x64.Build.0 = Debug|Any CPU
		{5DDEEB75-2699-478D-A508-73735BB15DAB}.Debug|x86.ActiveCfg = Debug|Any CPU
		{5DDEEB75-2699-478D-A508-73735BB15DAB}.Debug|x86.Build.0 = Debug|Any CPU
		{5DDEEB75-2699-478D-A508-73735BB15DAB}.Release|Any CPU.ActiveCfg = Release|Any CPU
		{5DDEEB75-2699-478D-A508-73735BB15DAB}.Release|Any CPU.Build.0 = Release|Any CPU
		{5DDEEB75-2699-478D-A508-73735BB15DAB}.Release|x64.ActiveCfg = Release|Any CPU
		{5DDEEB75-2699-478D-A508-73735BB15DAB}.Release|x64.Build.0 = Release|Any CPU
		{5DDEEB75-2699-478D-A508-73735BB15DAB}.Release|x86.ActiveCfg = Release|Any CPU
		{5DDEEB75-2699-478D-A508-73735BB15DAB}.Release|x86.Build.0 = Release|Any CPU
		{8E11767B-3BCF-4A01-A946-DF134AB6DC12}.Debug|Any CPU.ActiveCfg = Debug|Any CPU
		{8E11767B-3BCF-4A01-A946-DF134AB6DC12}.Debug|Any CPU.Build.0 = Debug|Any CPU
		{8E11767B-3BCF-4A01-A946-DF134AB6DC12}.Debug|x64.ActiveCfg = Debug|Any CPU
		{8E11767B-3BCF-4A01-A946-DF134AB6DC12}.Debug|x64.Build.0 = Debug|Any CPU
		{8E11767B-3BCF-4A01-A946-DF134AB6DC12}.Debug|x86.ActiveCfg = Debug|Any CPU
		{8E11767B-3BCF-4A01-A946-DF134AB6DC12}.Debug|x86.Build.0 = Debug|Any CPU
		{8E11767B-3BCF-4A01-A946-DF134AB6DC12}.Release|Any CPU.ActiveCfg = Release|Any CPU
		{8E11767B-3BCF-4A01-A946-DF134AB6DC12}.Release|Any CPU.Build.0 = Release|Any CPU
		{8E11767B-3BCF-4A01-A946-DF134AB6DC12}.Release|x64.ActiveCfg = Release|Any CPU
		{8E11767B-3BCF-4A01-A946-DF134AB6DC12}.Release|x64.Build.0 = Release|Any CPU
		{8E11767B-3BCF-4A01-A946-DF134AB6DC12}.Release|x86.ActiveCfg = Release|Any CPU
		{8E11767B-3BCF-4A01-A946-DF134AB6DC12}.Release|x86.Build.0 = Release|Any CPU
		{F3F27FCF-5784-4AEA-9353-75C9A25E705A}.Debug|Any CPU.ActiveCfg = Debug|Any CPU
		{F3F27FCF-5784-4AEA-9353-75C9A25E705A}.Debug|Any CPU.Build.0 = Debug|Any CPU
		{F3F27FCF-5784-4AEA-9353-75C9A25E705A}.Debug|x64.ActiveCfg = Debug|Any CPU
		{F3F27FCF-5784-4AEA-9353-75C9A25E705A}.Debug|x64.Build.0 = Debug|Any CPU
		{F3F27FCF-5784-4AEA-9353-75C9A25E705A}.Debug|x86.ActiveCfg = Debug|Any CPU
		{F3F27FCF-5784-4AEA-9353-75C9A25E705A}.Debug|x86.Build.0 = Debug|Any CPU
		{F3F27FCF-5784-4AEA-9353-75C9A25E705A}.Release|Any CPU.ActiveCfg = Release|Any CPU
		{F3F27FCF-5784-4AEA-9353-75C9A25E705A}.Release|Any CPU.Build.0 = Release|Any CPU
		{F3F27FCF-5784-4AEA-9353-75C9A25E705A}.Release|x64.ActiveCfg = Release|Any CPU
		{F3F27FCF-5784-4AEA-9353-75C9A25E705A}.Release|x64.Build.0 = Release|Any CPU
		{F3F27FCF-5784-4AEA-9353-75C9A25E705A}.Release|x86.ActiveCfg = Release|Any CPU
		{F3F27FCF-5784-4AEA-9353-75C9A25E705A}.Release|x86.Build.0 = Release|Any CPU
		{59AF269B-2D5D-4170-B346-FB97330C140C}.Debug|Any CPU.ActiveCfg = Debug|Any CPU
		{59AF269B-2D5D-4170-B346-FB97330C140C}.Debug|Any CPU.Build.0 = Debug|Any CPU
		{59AF269B-2D5D-4170-B346-FB97330C140C}.Debug|x64.ActiveCfg = Debug|Any CPU
		{59AF269B-2D5D-4170-B346-FB97330C140C}.Debug|x64.Build.0 = Debug|Any CPU
		{59AF269B-2D5D-4170-B346-FB97330C140C}.Debug|x86.ActiveCfg = Debug|Any CPU
		{59AF269B-2D5D-4170-B346-FB97330C140C}.Debug|x86.Build.0 = Debug|Any CPU
		{59AF269B-2D5D-4170-B346-FB97330C140C}.Release|Any CPU.ActiveCfg = Release|Any CPU
		{59AF269B-2D5D-4170-B346-FB97330C140C}.Release|Any CPU.Build.0 = Release|Any CPU
		{59AF269B-2D5D-4170-B346-FB97330C140C}.Release|x64.ActiveCfg = Release|Any CPU
		{59AF269B-2D5D-4170-B346-FB97330C140C}.Release|x64.Build.0 = Release|Any CPU
		{59AF269B-2D5D-4170-B346-FB97330C140C}.Release|x86.ActiveCfg = Release|Any CPU
		{59AF269B-2D5D-4170-B346-FB97330C140C}.Release|x86.Build.0 = Release|Any CPU
	EndGlobalSection
	GlobalSection(SolutionProperties) = preSolution
		HideSolutionNode = FALSE
	EndGlobalSection
	GlobalSection(NestedProjects) = preSolution
		{BF85E0ED-1285-4D35-9636-6BD1A2C10CBD} = {827E0CD3-B72D-47B6-A68D-7590B98EB39B}
		{5DDEEB75-2699-478D-A508-73735BB15DAB} = {0AB3BF05-4346-4AA6-1389-037BE0695223}
		{8E11767B-3BCF-4A01-A946-DF134AB6DC12} = {B36A84DF-456D-A817-6EDD-3EC3E7F6E11F}
		{F3F27FCF-5784-4AEA-9353-75C9A25E705A} = {827E0CD3-B72D-47B6-A68D-7590B98EB39B}
		{59AF269B-2D5D-4170-B346-FB97330C140C} = {0AB3BF05-4346-4AA6-1389-037BE0695223}
	EndGlobalSection
EndGlobal
